
Microsoft Visual Studio Solution File, Format Version 12.00
# Visual Studio Version 17
VisualStudioVersion = 17.5.33627.172
MinimumVisualStudioVersion = 10.0.40219.1
Project("{FAE04EC0-301F-11D3-BF4B-00C04F79EFBC}") = "GameEngine", "GameEngine.csproj", "{40D566B9-87C3-485E-B3F3-951513BC911F}"
EndProject
Global
	GlobalSection(SolutionConfigurationPlatforms) = preSolution
		Debug|Any CPU = Debug|Any CPU
		Release|Any CPU = Release|Any CPU
	EndGlobalSection
	GlobalSection(ProjectConfigurationPlatforms) = postSolution
		{40D566B9-87C3-485E-B3F3-951513BC911F}.Debug|Any CPU.ActiveCfg = Debug|Any CPU
		{40D566B9-87C3-485E-B3F3-951513BC911F}.Debug|Any CPU.Build.0 = Debug|Any CPU
		{40D566B9-87C3-485E-B3F3-951513BC911F}.Release|Any CPU.ActiveCfg = Release|Any CPU
		{40D566B9-87C3-485E-B3F3-951513BC911F}.Release|Any CPU.Build.0 = Release|Any CPU
	EndGlobalSection
	GlobalSection(SolutionProperties) = preSolution
		HideSolutionNode = FALSE
	EndGlobalSection
	GlobalSection(ExtensibilityGlobals) = postSolution
		SolutionGuid = {67FF8A2E-E2A6-457E-BF45-5B815132CE96}
	EndGlobalSection
EndGlobal
